
Microsoft Visual Studio Solution File, Format Version 12.00
# Visual Studio Version 16
VisualStudioVersion = 16.0.32228.343
MinimumVisualStudioVersion = 10.0.40219.1
Project("{9A19103F-16F7-4668-BE54-9A1E7A4F7556}") = "KampIntro", "KampIntro\KampIntro.csproj", "{C7707DDF-9F38-4795-BF4A-E1C03E0B8174}"
EndProject
Project("{9A19103F-16F7-4668-BE54-9A1E7A4F7556}") = "Loops", "Loops\Loops.csproj", "{9F0A2B03-E646-48FF-A7BA-F9C2AAA28F36}"
EndProject
Project("{9A19103F-16F7-4668-BE54-9A1E7A4F7556}") = "ClassIntro", "ClassIntro\ClassIntro.csproj", "{36637394-B6EE-40F7-B626-D7EAC2174584}"
EndProject
Project("{9A19103F-16F7-4668-BE54-9A1E7A4F7556}") = "DegerVeReferansTipler", "DegerVeReferansTipler\DegerVeReferansTipler.csproj", "{CA451DD2-BAE2-4DE0-8733-5F45EDFE8C8D}"
EndProject
Project("{9A19103F-16F7-4668-BE54-9A1E7A4F7556}") = "Maths", "Maths\Maths.csproj", "{344EF7B6-7081-4517-9850-57AC19166804}"
EndProject
Project("{9A19103F-16F7-4668-BE54-9A1E7A4F7556}") = "Methods", "Methods\Methods.csproj", "{04884F69-EB32-485A-82DC-FE6AA160C9B9}"
EndProject
Project("{9A19103F-16F7-4668-BE54-9A1E7A4F7556}") = "OOP1", "OOP1\OOP1.csproj", "{4E381E34-F900-41DE-9F99-F9D9B819DEF2}"
EndProject
Project("{9A19103F-16F7-4668-BE54-9A1E7A4F7556}") = "Collections", "Collections\Collections.csproj", "{7EA97284-9DEA-4D23-A39C-2F5E9A496E5D}"
EndProject
Project("{9A19103F-16F7-4668-BE54-9A1E7A4F7556}") = "GenericsIntro", "GenericsIntro\GenericsIntro.csproj", "{22F24DB0-92EA-4C2F-A5C0-D38992CA24BB}"
EndProject
Project("{FAE04EC0-301F-11D3-BF4B-00C04F79EFBC}") = "OOP2", "OOP2\OOP2.csproj", "{B4BB24C4-8F24-4857-A2CC-6713CEDCF1C4}"
EndProject
Project("{FAE04EC0-301F-11D3-BF4B-00C04F79EFBC}") = "OOP3", "OOP3\OOP3.csproj", "{22BF0CD6-6FB9-453C-A900-29C553EC1D14}"
EndProject
Global
	GlobalSection(SolutionConfigurationPlatforms) = preSolution
		Debug|Any CPU = Debug|Any CPU
		Release|Any CPU = Release|Any CPU
	EndGlobalSection
	GlobalSection(ProjectConfigurationPlatforms) = postSolution
		{C7707DDF-9F38-4795-BF4A-E1C03E0B8174}.Debug|Any CPU.ActiveCfg = Debug|Any CPU
		{C7707DDF-9F38-4795-BF4A-E1C03E0B8174}.Debug|Any CPU.Build.0 = Debug|Any CPU
		{C7707DDF-9F38-4795-BF4A-E1C03E0B8174}.Release|Any CPU.ActiveCfg = Release|Any CPU
		{C7707DDF-9F38-4795-BF4A-E1C03E0B8174}.Release|Any CPU.Build.0 = Release|Any CPU
		{9F0A2B03-E646-48FF-A7BA-F9C2AAA28F36}.Debug|Any CPU.ActiveCfg = Debug|Any CPU
		{9F0A2B03-E646-48FF-A7BA-F9C2AAA28F36}.Debug|Any CPU.Build.0 = Debug|Any CPU
		{9F0A2B03-E646-48FF-A7BA-F9C2AAA28F36}.Release|Any CPU.ActiveCfg = Release|Any CPU
		{9F0A2B03-E646-48FF-A7BA-F9C2AAA28F36}.Release|Any CPU.Build.0 = Release|Any CPU
		{36637394-B6EE-40F7-B626-D7EAC2174584}.Debug|Any CPU.ActiveCfg = Debug|Any CPU
		{36637394-B6EE-40F7-B626-D7EAC2174584}.Debug|Any CPU.Build.0 = Debug|Any CPU
		{36637394-B6EE-40F7-B626-D7EAC2174584}.Release|Any CPU.ActiveCfg = Release|Any CPU
		{36637394-B6EE-40F7-B626-D7EAC2174584}.Release|Any CPU.Build.0 = Release|Any CPU
		{CA451DD2-BAE2-4DE0-8733-5F45EDFE8C8D}.Debug|Any CPU.ActiveCfg = Debug|Any CPU
		{CA451DD2-BAE2-4DE0-8733-5F45EDFE8C8D}.Debug|Any CPU.Build.0 = Debug|Any CPU
		{CA451DD2-BAE2-4DE0-8733-5F45EDFE8C8D}.Release|Any CPU.ActiveCfg = Release|Any CPU
		{CA451DD2-BAE2-4DE0-8733-5F45EDFE8C8D}.Release|Any CPU.Build.0 = Release|Any CPU
		{344EF7B6-7081-4517-9850-57AC19166804}.Debug|Any CPU.ActiveCfg = Debug|Any CPU
		{344EF7B6-7081-4517-9850-57AC19166804}.Debug|Any CPU.Build.0 = Debug|Any CPU
		{344EF7B6-7081-4517-9850-57AC19166804}.Release|Any CPU.ActiveCfg = Release|Any CPU
		{344EF7B6-7081-4517-9850-57AC19166804}.Release|Any CPU.Build.0 = Release|Any CPU
		{04884F69-EB32-485A-82DC-FE6AA160C9B9}.Debug|Any CPU.ActiveCfg = Debug|Any CPU
		{04884F69-EB32-485A-82DC-FE6AA160C9B9}.Debug|Any CPU.Build.0 = Debug|Any CPU
		{04884F69-EB32-485A-82DC-FE6AA160C9B9}.Release|Any CPU.ActiveCfg = Release|Any CPU
		{04884F69-EB32-485A-82DC-FE6AA160C9B9}.Release|Any CPU.Build.0 = Release|Any CPU
		{4E381E34-F900-41DE-9F99-F9D9B819DEF2}.Debug|Any CPU.ActiveCfg = Debug|Any CPU
		{4E381E34-F900-41DE-9F99-F9D9B819DEF2}.Debug|Any CPU.Build.0 = Debug|Any CPU
		{4E381E34-F900-41DE-9F99-F9D9B819DEF2}.Release|Any CPU.ActiveCfg = Release|Any CPU
		{4E381E34-F900-41DE-9F99-F9D9B819DEF2}.Release|Any CPU.Build.0 = Release|Any CPU
		{7EA97284-9DEA-4D23-A39C-2F5E9A496E5D}.Debug|Any CPU.ActiveCfg = Debug|Any CPU
		{7EA97284-9DEA-4D23-A39C-2F5E9A496E5D}.Debug|Any CPU.Build.0 = Debug|Any CPU
		{7EA97284-9DEA-4D23-A39C-2F5E9A496E5D}.Release|Any CPU.ActiveCfg = Release|Any CPU
		{7EA97284-9DEA-4D23-A39C-2F5E9A496E5D}.Release|Any CPU.Build.0 = Release|Any CPU
		{22F24DB0-92EA-4C2F-A5C0-D38992CA24BB}.Debug|Any CPU.ActiveCfg = Debug|Any CPU
		{22F24DB0-92EA-4C2F-A5C0-D38992CA24BB}.Debug|Any CPU.Build.0 = Debug|Any CPU
		{22F24DB0-92EA-4C2F-A5C0-D38992CA24BB}.Release|Any CPU.ActiveCfg = Release|Any CPU
		{22F24DB0-92EA-4C2F-A5C0-D38992CA24BB}.Release|Any CPU.Build.0 = Release|Any CPU
		{B4BB24C4-8F24-4857-A2CC-6713CEDCF1C4}.Debug|Any CPU.ActiveCfg = Debug|Any CPU
		{B4BB24C4-8F24-4857-A2CC-6713CEDCF1C4}.Debug|Any CPU.Build.0 = Debug|Any CPU
		{B4BB24C4-8F24-4857-A2CC-6713CEDCF1C4}.Release|Any CPU.ActiveCfg = Release|Any CPU
		{B4BB24C4-8F24-4857-A2CC-6713CEDCF1C4}.Release|Any CPU.Build.0 = Release|Any CPU
		{22BF0CD6-6FB9-453C-A900-29C553EC1D14}.Debug|Any CPU.ActiveCfg = Debug|Any CPU
		{22BF0CD6-6FB9-453C-A900-29C553EC1D14}.Debug|Any CPU.Build.0 = Debug|Any CPU
		{22BF0CD6-6FB9-453C-A900-29C553EC1D14}.Release|Any CPU.ActiveCfg = Release|Any CPU
		{22BF0CD6-6FB9-453C-A900-29C553EC1D14}.Release|Any CPU.Build.0 = Release|Any CPU
	EndGlobalSection
	GlobalSection(SolutionProperties) = preSolution
		HideSolutionNode = FALSE
	EndGlobalSection
	GlobalSection(ExtensibilityGlobals) = postSolution
		SolutionGuid = {2A642291-5943-4372-9290-074414953100}
	EndGlobalSection
EndGlobal
